
Microsoft Visual Studio Solution File, Format Version 12.00
# Visual Studio Version 17
VisualStudioVersion = 17.11.35327.3
MinimumVisualStudioVersion = 10.0.40219.1
Project("{FAE04EC0-301F-11D3-BF4B-00C04F79EFBC}") = "Simulator", "Simulator\Simulator.csproj", "{DBD4C156-2F85-4603-A506-828A5DB5BCAF}"
EndProject
Global
	GlobalSection(SolutionConfigurationPlatforms) = preSolution
		Debug|Any CPU = Debug|Any CPU
		Release|Any CPU = Release|Any CPU
	EndGlobalSection
	GlobalSection(ProjectConfigurationPlatforms) = postSolution
		{DBD4C156-2F85-4603-A506-828A5DB5BCAF}.Debug|Any CPU.ActiveCfg = Debug|Any CPU
		{DBD4C156-2F85-4603-A506-828A5DB5BCAF}.Debug|Any CPU.Build.0 = Debug|Any CPU
		{DBD4C156-2F85-4603-A506-828A5DB5BCAF}.Release|Any CPU.ActiveCfg = Release|Any CPU
		{DBD4C156-2F85-4603-A506-828A5DB5BCAF}.Release|Any CPU.Build.0 = Release|Any CPU
	EndGlobalSection
	GlobalSection(SolutionProperties) = preSolution
		HideSolutionNode = FALSE
	EndGlobalSection
	GlobalSection(ExtensibilityGlobals) = postSolution
		SolutionGuid = {ADC9BFC2-ABDD-45DF-B56C-E91E6D4685A7}
	EndGlobalSection
EndGlobal
